
Microsoft Visual Studio Solution File, Format Version 12.00
# Visual Studio Version 16
VisualStudioVersion = 16.0.31105.61
MinimumVisualStudioVersion = 10.0.40219.1
Project("{FAE04EC0-301F-11D3-BF4B-00C04F79EFBC}") = "SignalRLab", "SignalRLab.csproj", "{A65D562E-2565-4267-A34E-0A40708954E7}"
EndProject
Project("{FAE04EC0-301F-11D3-BF4B-00C04F79EFBC}") = "SignalRClient", "SignalRClient\SignalRClient.csproj", "{6F471968-C427-483F-BEBA-DE17CA1C8299}"
EndProject
Global
	GlobalSection(SolutionConfigurationPlatforms) = preSolution
		Debug|Any CPU = Debug|Any CPU
		Release|Any CPU = Release|Any CPU
	EndGlobalSection
	GlobalSection(ProjectConfigurationPlatforms) = postSolution
		{A65D562E-2565-4267-A34E-0A40708954E7}.Debug|Any CPU.ActiveCfg = Debug|Any CPU
		{A65D562E-2565-4267-A34E-0A40708954E7}.Debug|Any CPU.Build.0 = Debug|Any CPU
		{A65D562E-2565-4267-A34E-0A40708954E7}.Release|Any CPU.ActiveCfg = Release|Any CPU
		{A65D562E-2565-4267-A34E-0A40708954E7}.Release|Any CPU.Build.0 = Release|Any CPU
		{6F471968-C427-483F-BEBA-DE17CA1C8299}.Debug|Any CPU.ActiveCfg = Debug|Any CPU
		{6F471968-C427-483F-BEBA-DE17CA1C8299}.Debug|Any CPU.Build.0 = Debug|Any CPU
		{6F471968-C427-483F-BEBA-DE17CA1C8299}.Release|Any CPU.ActiveCfg = Release|Any CPU
		{6F471968-C427-483F-BEBA-DE17CA1C8299}.Release|Any CPU.Build.0 = Release|Any CPU
	EndGlobalSection
	GlobalSection(SolutionProperties) = preSolution
		HideSolutionNode = FALSE
	EndGlobalSection
	GlobalSection(ExtensibilityGlobals) = postSolution
		SolutionGuid = {185D73DB-10D0-4EB2-986E-D2ECE1007E80}
	EndGlobalSection
EndGlobal
