
Microsoft Visual Studio Solution File, Format Version 12.00
# Visual Studio Version 16
VisualStudioVersion = 16.0.31019.35
MinimumVisualStudioVersion = 10.0.40219.1
Project("{FAE04EC0-301F-11D3-BF4B-00C04F79EFBC}") = "ThreadUnsafe", "ThreadUnsafe.csproj", "{11C6E96E-33A2-4CED-BB00-EF6D49625E2B}"
EndProject
Global
	GlobalSection(SolutionConfigurationPlatforms) = preSolution
		Debug|Any CPU = Debug|Any CPU
		Release|Any CPU = Release|Any CPU
	EndGlobalSection
	GlobalSection(ProjectConfigurationPlatforms) = postSolution
		{11C6E96E-33A2-4CED-BB00-EF6D49625E2B}.Debug|Any CPU.ActiveCfg = Debug|Any CPU
		{11C6E96E-33A2-4CED-BB00-EF6D49625E2B}.Debug|Any CPU.Build.0 = Debug|Any CPU
		{11C6E96E-33A2-4CED-BB00-EF6D49625E2B}.Release|Any CPU.ActiveCfg = Release|Any CPU
		{11C6E96E-33A2-4CED-BB00-EF6D49625E2B}.Release|Any CPU.Build.0 = Release|Any CPU
	EndGlobalSection
	GlobalSection(SolutionProperties) = preSolution
		HideSolutionNode = FALSE
	EndGlobalSection
	GlobalSection(ExtensibilityGlobals) = postSolution
		SolutionGuid = {C194ADE9-074C-4AE6-BFB1-BBA2DB4C308B}
	EndGlobalSection
EndGlobal
